
Microsoft Visual Studio Solution File, Format Version 12.00
# Visual Studio Version 17
VisualStudioVersion = 17.8.34316.72
MinimumVisualStudioVersion = 10.0.40219.1
Project("{FAE04EC0-301F-11D3-BF4B-00C04F79EFBC}") = "NetBeginnerApp", "NetBeginnerApp\NetBeginnerApp.csproj", "{563CA53A-EE89-478C-BA8D-D74DD72A9A70}"
EndProject
Global
	GlobalSection(SolutionConfigurationPlatforms) = preSolution
		Debug|Any CPU = Debug|Any CPU
		Release|Any CPU = Release|Any CPU
	EndGlobalSection
	GlobalSection(ProjectConfigurationPlatforms) = postSolution
		{563CA53A-EE89-478C-BA8D-D74DD72A9A70}.Debug|Any CPU.ActiveCfg = Debug|Any CPU
		{563CA53A-EE89-478C-BA8D-D74DD72A9A70}.Debug|Any CPU.Build.0 = Debug|Any CPU
		{563CA53A-EE89-478C-BA8D-D74DD72A9A70}.Release|Any CPU.ActiveCfg = Release|Any CPU
		{563CA53A-EE89-478C-BA8D-D74DD72A9A70}.Release|Any CPU.Build.0 = Release|Any CPU
	EndGlobalSection
	GlobalSection(SolutionProperties) = preSolution
		HideSolutionNode = FALSE
	EndGlobalSection
	GlobalSection(ExtensibilityGlobals) = postSolution
		SolutionGuid = {A02EDF43-1307-4882-A9EE-F9ED22F3034C}
	EndGlobalSection
EndGlobal
